
Microsoft Visual Studio Solution File, Format Version 12.00
# Visual Studio Version 16
VisualStudioVersion = 16.0.30523.141
MinimumVisualStudioVersion = 10.0.40219.1
Project("{FAE04EC0-301F-11D3-BF4B-00C04F79EFBC}") = "ShopApp", "ShopApp\ShopApp.csproj", "{9215D518-B0BB-4B98-94E1-8CB265F10103}"
EndProject
Global
	GlobalSection(SolutionConfigurationPlatforms) = preSolution
		Debug|Any CPU = Debug|Any CPU
		Release|Any CPU = Release|Any CPU
	EndGlobalSection
	GlobalSection(ProjectConfigurationPlatforms) = postSolution
		{9215D518-B0BB-4B98-94E1-8CB265F10103}.Debug|Any CPU.ActiveCfg = Debug|Any CPU
		{9215D518-B0BB-4B98-94E1-8CB265F10103}.Debug|Any CPU.Build.0 = Debug|Any CPU
		{9215D518-B0BB-4B98-94E1-8CB265F10103}.Release|Any CPU.ActiveCfg = Release|Any CPU
		{9215D518-B0BB-4B98-94E1-8CB265F10103}.Release|Any CPU.Build.0 = Release|Any CPU
	EndGlobalSection
	GlobalSection(SolutionProperties) = preSolution
		HideSolutionNode = FALSE
	EndGlobalSection
	GlobalSection(ExtensibilityGlobals) = postSolution
		SolutionGuid = {0C4D4725-936E-42D2-8075-4B94594BED7B}
	EndGlobalSection
EndGlobal
